
Microsoft Visual Studio Solution File, Format Version 12.00
# Visual Studio 15
VisualStudioVersion = 15.0.26228.4
MinimumVisualStudioVersion = 10.0.40219.1
Project("{FAE04EC0-301F-11D3-BF4B-00C04F79EFBC}") = "SpecialApp.Entity", "SpecialApp.Entity\SpecialApp.Entity.csproj", "{454E0E4A-105C-479D-8976-D8B08CD1CBF6}"
EndProject
Project("{FAE04EC0-301F-11D3-BF4B-00C04F79EFBC}") = "SpecialApp.UnitOfWork", "SpecialApp.UnitOfWork\SpecialApp.UnitOfWork.csproj", "{965B880B-EB96-4E36-858D-16CDE4FAE546}"
EndProject
Project("{FAE04EC0-301F-11D3-BF4B-00C04F79EFBC}") = "SpecialApp.Context", "SpecialApp.Context\SpecialApp.Context.csproj", "{6170D246-A161-4280-A47E-D3BE1036F280}"
EndProject
Project("{FAE04EC0-301F-11D3-BF4B-00C04F79EFBC}") = "SpecialApp.API", "SpecialApp.API\SpecialApp.API.csproj", "{19CB32D2-5344-4302-AD90-3EFABD9711EB}"
EndProject
Project("{FAE04EC0-301F-11D3-BF4B-00C04F79EFBC}") = "SpecialApp.Web", "SpecialApp.Web\SpecialApp.Web.csproj", "{B986A4C1-6195-4554-914A-4491E396F14F}"
EndProject
Project("{FAE04EC0-301F-11D3-BF4B-00C04F79EFBC}") = "SpecialApp.Context2", "SpecialApp.Context2\SpecialApp.Context2.csproj", "{51BCE886-14DA-4E3F-A973-650510B1D824}"
EndProject
Project("{FAE04EC0-301F-11D3-BF4B-00C04F79EFBC}") = "SpecialApp.Entity2", "SpecialApp.Entity2\SpecialApp.Entity2.csproj", "{E58C9B0D-7511-4AF6-AC9D-90D0994E4D89}"
EndProject
Global
	GlobalSection(SolutionConfigurationPlatforms) = preSolution
		Debug|Any CPU = Debug|Any CPU
		Release|Any CPU = Release|Any CPU
	EndGlobalSection
	GlobalSection(ProjectConfigurationPlatforms) = postSolution
		{454E0E4A-105C-479D-8976-D8B08CD1CBF6}.Debug|Any CPU.ActiveCfg = Debug|Any CPU
		{454E0E4A-105C-479D-8976-D8B08CD1CBF6}.Debug|Any CPU.Build.0 = Debug|Any CPU
		{454E0E4A-105C-479D-8976-D8B08CD1CBF6}.Release|Any CPU.ActiveCfg = Release|Any CPU
		{454E0E4A-105C-479D-8976-D8B08CD1CBF6}.Release|Any CPU.Build.0 = Release|Any CPU
		{965B880B-EB96-4E36-858D-16CDE4FAE546}.Debug|Any CPU.ActiveCfg = Debug|Any CPU
		{965B880B-EB96-4E36-858D-16CDE4FAE546}.Debug|Any CPU.Build.0 = Debug|Any CPU
		{965B880B-EB96-4E36-858D-16CDE4FAE546}.Release|Any CPU.ActiveCfg = Release|Any CPU
		{965B880B-EB96-4E36-858D-16CDE4FAE546}.Release|Any CPU.Build.0 = Release|Any CPU
		{6170D246-A161-4280-A47E-D3BE1036F280}.Debug|Any CPU.ActiveCfg = Debug|Any CPU
		{6170D246-A161-4280-A47E-D3BE1036F280}.Debug|Any CPU.Build.0 = Debug|Any CPU
		{6170D246-A161-4280-A47E-D3BE1036F280}.Release|Any CPU.ActiveCfg = Release|Any CPU
		{6170D246-A161-4280-A47E-D3BE1036F280}.Release|Any CPU.Build.0 = Release|Any CPU
		{19CB32D2-5344-4302-AD90-3EFABD9711EB}.Debug|Any CPU.ActiveCfg = Debug|Any CPU
		{19CB32D2-5344-4302-AD90-3EFABD9711EB}.Debug|Any CPU.Build.0 = Debug|Any CPU
		{19CB32D2-5344-4302-AD90-3EFABD9711EB}.Release|Any CPU.ActiveCfg = Release|Any CPU
		{19CB32D2-5344-4302-AD90-3EFABD9711EB}.Release|Any CPU.Build.0 = Release|Any CPU
		{B986A4C1-6195-4554-914A-4491E396F14F}.Debug|Any CPU.ActiveCfg = Debug|Any CPU
		{B986A4C1-6195-4554-914A-4491E396F14F}.Debug|Any CPU.Build.0 = Debug|Any CPU
		{B986A4C1-6195-4554-914A-4491E396F14F}.Release|Any CPU.ActiveCfg = Release|Any CPU
		{B986A4C1-6195-4554-914A-4491E396F14F}.Release|Any CPU.Build.0 = Release|Any CPU
		{51BCE886-14DA-4E3F-A973-650510B1D824}.Debug|Any CPU.ActiveCfg = Debug|Any CPU
		{51BCE886-14DA-4E3F-A973-650510B1D824}.Debug|Any CPU.Build.0 = Debug|Any CPU
		{51BCE886-14DA-4E3F-A973-650510B1D824}.Release|Any CPU.ActiveCfg = Release|Any CPU
		{51BCE886-14DA-4E3F-A973-650510B1D824}.Release|Any CPU.Build.0 = Release|Any CPU
		{E58C9B0D-7511-4AF6-AC9D-90D0994E4D89}.Debug|Any CPU.ActiveCfg = Debug|Any CPU
		{E58C9B0D-7511-4AF6-AC9D-90D0994E4D89}.Debug|Any CPU.Build.0 = Debug|Any CPU
		{E58C9B0D-7511-4AF6-AC9D-90D0994E4D89}.Release|Any CPU.ActiveCfg = Release|Any CPU
		{E58C9B0D-7511-4AF6-AC9D-90D0994E4D89}.Release|Any CPU.Build.0 = Release|Any CPU
	EndGlobalSection
	GlobalSection(SolutionProperties) = preSolution
		HideSolutionNode = FALSE
	EndGlobalSection
EndGlobal
